
Microsoft Visual Studio Solution File, Format Version 12.00
# Visual Studio 14
VisualStudioVersion = 14.0.24720.0
MinimumVisualStudioVersion = 10.0.40219.1
Project("{8BC9CEB8-8B4A-11D0-8D11-00A0C91BC942}") = "GL_Test", "GL_Test\GL_Test.vcxproj", "{762194DF-F675-4475-9EC7-BABF63C24A4F}"
EndProject
Project("{8BC9CEB8-8B4A-11D0-8D11-00A0C91BC942}") = "GL_Invaders", "GL_Invaders\GL_Invaders.vcxproj", "{CDEF3BAD-50A8-4ABF-BEB5-5D1BEA8CF005}"
EndProject
Project("{8BC9CEB8-8B4A-11D0-8D11-00A0C91BC942}") = "GL_SkeletalAnimationTest", "GL_SkeletalAnimationTest\GL_SkeletalAnimationTest.vcxproj", "{EF60CDC7-9C85-464B-BEAC-30FABB89B9AA}"
EndProject
Global
	GlobalSection(SolutionConfigurationPlatforms) = preSolution
		Debug|x64 = Debug|x64
		Debug|x86 = Debug|x86
		Release|x64 = Release|x64
		Release|x86 = Release|x86
	EndGlobalSection
	GlobalSection(ProjectConfigurationPlatforms) = postSolution
		{762194DF-F675-4475-9EC7-BABF63C24A4F}.Debug|x64.ActiveCfg = Debug|x64
		{762194DF-F675-4475-9EC7-BABF63C24A4F}.Debug|x64.Build.0 = Debug|x64
		{762194DF-F675-4475-9EC7-BABF63C24A4F}.Debug|x86.ActiveCfg = Debug|Win32
		{762194DF-F675-4475-9EC7-BABF63C24A4F}.Debug|x86.Build.0 = Debug|Win32
		{762194DF-F675-4475-9EC7-BABF63C24A4F}.Release|x64.ActiveCfg = Release|x64
		{762194DF-F675-4475-9EC7-BABF63C24A4F}.Release|x64.Build.0 = Release|x64
		{762194DF-F675-4475-9EC7-BABF63C24A4F}.Release|x86.ActiveCfg = Release|Win32
		{762194DF-F675-4475-9EC7-BABF63C24A4F}.Release|x86.Build.0 = Release|Win32
		{CDEF3BAD-50A8-4ABF-BEB5-5D1BEA8CF005}.Debug|x64.ActiveCfg = Debug|x64
		{CDEF3BAD-50A8-4ABF-BEB5-5D1BEA8CF005}.Debug|x64.Build.0 = Debug|x64
		{CDEF3BAD-50A8-4ABF-BEB5-5D1BEA8CF005}.Debug|x86.ActiveCfg = Debug|Win32
		{CDEF3BAD-50A8-4ABF-BEB5-5D1BEA8CF005}.Debug|x86.Build.0 = Debug|Win32
		{CDEF3BAD-50A8-4ABF-BEB5-5D1BEA8CF005}.Release|x64.ActiveCfg = Release|x64
		{CDEF3BAD-50A8-4ABF-BEB5-5D1BEA8CF005}.Release|x64.Build.0 = Release|x64
		{CDEF3BAD-50A8-4ABF-BEB5-5D1BEA8CF005}.Release|x86.ActiveCfg = Release|Win32
		{CDEF3BAD-50A8-4ABF-BEB5-5D1BEA8CF005}.Release|x86.Build.0 = Release|Win32
		{EF60CDC7-9C85-464B-BEAC-30FABB89B9AA}.Debug|x64.ActiveCfg = Debug|x64
		{EF60CDC7-9C85-464B-BEAC-30FABB89B9AA}.Debug|x64.Build.0 = Debug|x64
		{EF60CDC7-9C85-464B-BEAC-30FABB89B9AA}.Debug|x86.ActiveCfg = Debug|Win32
		{EF60CDC7-9C85-464B-BEAC-30FABB89B9AA}.Debug|x86.Build.0 = Debug|Win32
		{EF60CDC7-9C85-464B-BEAC-30FABB89B9AA}.Release|x64.ActiveCfg = Release|x64
		{EF60CDC7-9C85-464B-BEAC-30FABB89B9AA}.Release|x64.Build.0 = Release|x64
		{EF60CDC7-9C85-464B-BEAC-30FABB89B9AA}.Release|x86.ActiveCfg = Release|Win32
		{EF60CDC7-9C85-464B-BEAC-30FABB89B9AA}.Release|x86.Build.0 = Release|Win32
	EndGlobalSection
	GlobalSection(SolutionProperties) = preSolution
		HideSolutionNode = FALSE
	EndGlobalSection
EndGlobal
